
Microsoft Visual Studio Solution File, Format Version 12.00
# Visual Studio Version 17
VisualStudioVersion = 17.13.35818.85 d17.13
MinimumVisualStudioVersion = 10.0.40219.1
Project("{FAE04EC0-301F-11D3-BF4B-00C04F79EFBC}") = "music_guide", "music_guide.csproj", "{12AEA98D-725F-3B48-24E3-EAE141D57B62}"
EndProject
Global
	GlobalSection(SolutionConfigurationPlatforms) = preSolution
		Debug|Any CPU = Debug|Any CPU
		Release|Any CPU = Release|Any CPU
	EndGlobalSection
	GlobalSection(ProjectConfigurationPlatforms) = postSolution
		{12AEA98D-725F-3B48-24E3-EAE141D57B62}.Debug|Any CPU.ActiveCfg = Debug|Any CPU
		{12AEA98D-725F-3B48-24E3-EAE141D57B62}.Debug|Any CPU.Build.0 = Debug|Any CPU
		{12AEA98D-725F-3B48-24E3-EAE141D57B62}.Release|Any CPU.ActiveCfg = Release|Any CPU
		{12AEA98D-725F-3B48-24E3-EAE141D57B62}.Release|Any CPU.Build.0 = Release|Any CPU
	EndGlobalSection
	GlobalSection(SolutionProperties) = preSolution
		HideSolutionNode = FALSE
	EndGlobalSection
	GlobalSection(ExtensibilityGlobals) = postSolution
		SolutionGuid = {4EF2D20C-8667-4D5B-894D-36D10B91C59B}
	EndGlobalSection
EndGlobal
